
Microsoft Visual Studio Solution File, Format Version 12.00
# Visual Studio Version 16
VisualStudioVersion = 16.0.29806.167
MinimumVisualStudioVersion = 10.0.40219.1
Project("{2150E333-8FDC-42A3-9474-1A3956D46DE8}") = "ConsoleApps", "ConsoleApps", "{0436BA34-3354-4935-9157-17232175ACB9}"
EndProject
Project("{9A19103F-16F7-4668-BE54-9A1E7A4F7556}") = "ConsoleApp2", "ConsoleApps\ConsoleApp2\ConsoleApp2.csproj", "{3BD58137-F986-41B5-B22C-27D0A8734BBA}"
EndProject
Project("{2150E333-8FDC-42A3-9474-1A3956D46DE8}") = "Websites", "Websites", "{EEAFDCAE-1581-4432-828D-1D2D0F2DE256}"
EndProject
Project("{9A19103F-16F7-4668-BE54-9A1E7A4F7556}") = "Day3", "ConsoleApps\Day3\Day3.csproj", "{930A5146-9FA8-4FD5-A4AA-191640EC8325}"
EndProject
Project("{9A19103F-16F7-4668-BE54-9A1E7A4F7556}") = "Day4", "ConsoleApps\Day4\Day4.csproj", "{4906FE70-E726-4184-8404-256762C8CC1D}"
EndProject
Project("{9A19103F-16F7-4668-BE54-9A1E7A4F7556}") = "WebApplication1", "WebSites\WebApplication1\WebApplication1.csproj", "{D84416B1-6A3E-4B4D-9FCA-017DE8FE74AB}"
EndProject
Project("{9A19103F-16F7-4668-BE54-9A1E7A4F7556}") = "StudentManagement", "ConsoleApps\StudentManagement\StudentManagement.csproj", "{302069B5-750A-4207-8172-1DC5B9A4743A}"
EndProject
Project("{9A19103F-16F7-4668-BE54-9A1E7A4F7556}") = "Inheritance", "ConsoleApps\Inheritance\Inheritance.csproj", "{D56E20BE-ED5B-43CE-BE4A-4A507C5F4648}"
EndProject
Project("{9A19103F-16F7-4668-BE54-9A1E7A4F7556}") = "FunctionOverloadingAndOverRidding", "ConsoleApps\FunctionOverloadingAndOverRidding\FunctionOverloadingAndOverRidding.csproj", "{29FA9863-2113-4D12-9E5F-6B7AD6080282}"
EndProject
Project("{9A19103F-16F7-4668-BE54-9A1E7A4F7556}") = "ArrayOperations", "ConsoleApps\ArrayOperations\ArrayOperations.csproj", "{BDC7FA4B-AA3E-46BE-812A-C583DAC49201}"
EndProject
Project("{9A19103F-16F7-4668-BE54-9A1E7A4F7556}") = "ExceptionHandling", "ConsoleApps\ExceptionHandling\ExceptionHandling.csproj", "{29ABBFB0-61A7-4954-B90F-EAB976AD6C3C}"
EndProject
Project("{9A19103F-16F7-4668-BE54-9A1E7A4F7556}") = "FirstWebApp", "WebSites\FirstWebApp\FirstWebApp.csproj", "{62D0A2D3-5919-47A9-B96F-B59B3AEFCBD8}"
EndProject
Project("{9A19103F-16F7-4668-BE54-9A1E7A4F7556}") = "WebApp2", "WebSites\SecondApp\WebApp2\WebApp2.csproj", "{22F49A64-066F-4CD6-93EE-244935AD92FC}"
EndProject
Global
	GlobalSection(SolutionConfigurationPlatforms) = preSolution
		Debug|Any CPU = Debug|Any CPU
		Release|Any CPU = Release|Any CPU
	EndGlobalSection
	GlobalSection(ProjectConfigurationPlatforms) = postSolution
		{3BD58137-F986-41B5-B22C-27D0A8734BBA}.Debug|Any CPU.ActiveCfg = Debug|Any CPU
		{3BD58137-F986-41B5-B22C-27D0A8734BBA}.Debug|Any CPU.Build.0 = Debug|Any CPU
		{3BD58137-F986-41B5-B22C-27D0A8734BBA}.Release|Any CPU.ActiveCfg = Release|Any CPU
		{3BD58137-F986-41B5-B22C-27D0A8734BBA}.Release|Any CPU.Build.0 = Release|Any CPU
		{930A5146-9FA8-4FD5-A4AA-191640EC8325}.Debug|Any CPU.ActiveCfg = Debug|Any CPU
		{930A5146-9FA8-4FD5-A4AA-191640EC8325}.Debug|Any CPU.Build.0 = Debug|Any CPU
		{930A5146-9FA8-4FD5-A4AA-191640EC8325}.Release|Any CPU.ActiveCfg = Release|Any CPU
		{930A5146-9FA8-4FD5-A4AA-191640EC8325}.Release|Any CPU.Build.0 = Release|Any CPU
		{4906FE70-E726-4184-8404-256762C8CC1D}.Debug|Any CPU.ActiveCfg = Debug|Any CPU
		{4906FE70-E726-4184-8404-256762C8CC1D}.Debug|Any CPU.Build.0 = Debug|Any CPU
		{4906FE70-E726-4184-8404-256762C8CC1D}.Release|Any CPU.ActiveCfg = Release|Any CPU
		{4906FE70-E726-4184-8404-256762C8CC1D}.Release|Any CPU.Build.0 = Release|Any CPU
		{D84416B1-6A3E-4B4D-9FCA-017DE8FE74AB}.Debug|Any CPU.ActiveCfg = Debug|Any CPU
		{D84416B1-6A3E-4B4D-9FCA-017DE8FE74AB}.Debug|Any CPU.Build.0 = Debug|Any CPU
		{D84416B1-6A3E-4B4D-9FCA-017DE8FE74AB}.Release|Any CPU.ActiveCfg = Release|Any CPU
		{D84416B1-6A3E-4B4D-9FCA-017DE8FE74AB}.Release|Any CPU.Build.0 = Release|Any CPU
		{302069B5-750A-4207-8172-1DC5B9A4743A}.Debug|Any CPU.ActiveCfg = Debug|Any CPU
		{302069B5-750A-4207-8172-1DC5B9A4743A}.Debug|Any CPU.Build.0 = Debug|Any CPU
		{302069B5-750A-4207-8172-1DC5B9A4743A}.Release|Any CPU.ActiveCfg = Release|Any CPU
		{302069B5-750A-4207-8172-1DC5B9A4743A}.Release|Any CPU.Build.0 = Release|Any CPU
		{D56E20BE-ED5B-43CE-BE4A-4A507C5F4648}.Debug|Any CPU.ActiveCfg = Debug|Any CPU
		{D56E20BE-ED5B-43CE-BE4A-4A507C5F4648}.Debug|Any CPU.Build.0 = Debug|Any CPU
		{D56E20BE-ED5B-43CE-BE4A-4A507C5F4648}.Release|Any CPU.ActiveCfg = Release|Any CPU
		{D56E20BE-ED5B-43CE-BE4A-4A507C5F4648}.Release|Any CPU.Build.0 = Release|Any CPU
		{29FA9863-2113-4D12-9E5F-6B7AD6080282}.Debug|Any CPU.ActiveCfg = Debug|Any CPU
		{29FA9863-2113-4D12-9E5F-6B7AD6080282}.Debug|Any CPU.Build.0 = Debug|Any CPU
		{29FA9863-2113-4D12-9E5F-6B7AD6080282}.Release|Any CPU.ActiveCfg = Release|Any CPU
		{29FA9863-2113-4D12-9E5F-6B7AD6080282}.Release|Any CPU.Build.0 = Release|Any CPU
		{BDC7FA4B-AA3E-46BE-812A-C583DAC49201}.Debug|Any CPU.ActiveCfg = Debug|Any CPU
		{BDC7FA4B-AA3E-46BE-812A-C583DAC49201}.Debug|Any CPU.Build.0 = Debug|Any CPU
		{BDC7FA4B-AA3E-46BE-812A-C583DAC49201}.Release|Any CPU.ActiveCfg = Release|Any CPU
		{BDC7FA4B-AA3E-46BE-812A-C583DAC49201}.Release|Any CPU.Build.0 = Release|Any CPU
		{29ABBFB0-61A7-4954-B90F-EAB976AD6C3C}.Debug|Any CPU.ActiveCfg = Debug|Any CPU
		{29ABBFB0-61A7-4954-B90F-EAB976AD6C3C}.Debug|Any CPU.Build.0 = Debug|Any CPU
		{29ABBFB0-61A7-4954-B90F-EAB976AD6C3C}.Release|Any CPU.ActiveCfg = Release|Any CPU
		{29ABBFB0-61A7-4954-B90F-EAB976AD6C3C}.Release|Any CPU.Build.0 = Release|Any CPU
		{62D0A2D3-5919-47A9-B96F-B59B3AEFCBD8}.Debug|Any CPU.ActiveCfg = Debug|Any CPU
		{62D0A2D3-5919-47A9-B96F-B59B3AEFCBD8}.Debug|Any CPU.Build.0 = Debug|Any CPU
		{62D0A2D3-5919-47A9-B96F-B59B3AEFCBD8}.Release|Any CPU.ActiveCfg = Release|Any CPU
		{62D0A2D3-5919-47A9-B96F-B59B3AEFCBD8}.Release|Any CPU.Build.0 = Release|Any CPU
		{22F49A64-066F-4CD6-93EE-244935AD92FC}.Debug|Any CPU.ActiveCfg = Debug|Any CPU
		{22F49A64-066F-4CD6-93EE-244935AD92FC}.Debug|Any CPU.Build.0 = Debug|Any CPU
		{22F49A64-066F-4CD6-93EE-244935AD92FC}.Release|Any CPU.ActiveCfg = Release|Any CPU
		{22F49A64-066F-4CD6-93EE-244935AD92FC}.Release|Any CPU.Build.0 = Release|Any CPU
	EndGlobalSection
	GlobalSection(SolutionProperties) = preSolution
		HideSolutionNode = FALSE
	EndGlobalSection
	GlobalSection(NestedProjects) = preSolution
		{3BD58137-F986-41B5-B22C-27D0A8734BBA} = {0436BA34-3354-4935-9157-17232175ACB9}
		{930A5146-9FA8-4FD5-A4AA-191640EC8325} = {0436BA34-3354-4935-9157-17232175ACB9}
		{4906FE70-E726-4184-8404-256762C8CC1D} = {0436BA34-3354-4935-9157-17232175ACB9}
		{D84416B1-6A3E-4B4D-9FCA-017DE8FE74AB} = {EEAFDCAE-1581-4432-828D-1D2D0F2DE256}
		{302069B5-750A-4207-8172-1DC5B9A4743A} = {0436BA34-3354-4935-9157-17232175ACB9}
		{D56E20BE-ED5B-43CE-BE4A-4A507C5F4648} = {0436BA34-3354-4935-9157-17232175ACB9}
		{29FA9863-2113-4D12-9E5F-6B7AD6080282} = {0436BA34-3354-4935-9157-17232175ACB9}
		{BDC7FA4B-AA3E-46BE-812A-C583DAC49201} = {0436BA34-3354-4935-9157-17232175ACB9}
		{29ABBFB0-61A7-4954-B90F-EAB976AD6C3C} = {0436BA34-3354-4935-9157-17232175ACB9}
		{62D0A2D3-5919-47A9-B96F-B59B3AEFCBD8} = {EEAFDCAE-1581-4432-828D-1D2D0F2DE256}
		{22F49A64-066F-4CD6-93EE-244935AD92FC} = {EEAFDCAE-1581-4432-828D-1D2D0F2DE256}
	EndGlobalSection
	GlobalSection(ExtensibilityGlobals) = postSolution
		SolutionGuid = {611141CF-EEBB-41BC-B65A-8472DB6F5611}
	EndGlobalSection
EndGlobal
